
Microsoft Visual Studio Solution File, Format Version 12.00
# Visual Studio Version 16
VisualStudioVersion = 16.0.31424.327
MinimumVisualStudioVersion = 10.0.40219.1
Project("{FAE04EC0-301F-11D3-BF4B-00C04F79EFBC}") = "ConsoleApp1", "ConsoleApp1\ConsoleApp1.csproj", "{18FDC990-6E14-4709-8AB3-3A51E7F12293}"
EndProject
Global
	GlobalSection(SolutionConfigurationPlatforms) = preSolution
		Debug|Any CPU = Debug|Any CPU
		Release|Any CPU = Release|Any CPU
	EndGlobalSection
	GlobalSection(ProjectConfigurationPlatforms) = postSolution
		{18FDC990-6E14-4709-8AB3-3A51E7F12293}.Debug|Any CPU.ActiveCfg = Debug|Any CPU
		{18FDC990-6E14-4709-8AB3-3A51E7F12293}.Debug|Any CPU.Build.0 = Debug|Any CPU
		{18FDC990-6E14-4709-8AB3-3A51E7F12293}.Release|Any CPU.ActiveCfg = Release|Any CPU
		{18FDC990-6E14-4709-8AB3-3A51E7F12293}.Release|Any CPU.Build.0 = Release|Any CPU
	EndGlobalSection
	GlobalSection(SolutionProperties) = preSolution
		HideSolutionNode = FALSE
	EndGlobalSection
	GlobalSection(ExtensibilityGlobals) = postSolution
		SolutionGuid = {0CDB9FF7-AFB1-4364-9C0F-9B6BAE6BF1DE}
	EndGlobalSection
EndGlobal
