
Microsoft Visual Studio Solution File, Format Version 12.00
# Visual Studio Version 16
VisualStudioVersion = 16.0.31424.327
MinimumVisualStudioVersion = 10.0.40219.1
Project("{FAE04EC0-301F-11D3-BF4B-00C04F79EFBC}") = "TDD", "TDD\TDD.csproj", "{2F775E6C-FE58-4D84-AD52-7A408F937AFF}"
EndProject
Project("{FAE04EC0-301F-11D3-BF4B-00C04F79EFBC}") = "TestEnemy", "TestEnemy\TestEnemy.csproj", "{D7BC1EC5-BB9D-4D49-B826-77693CB00DED}"
EndProject
Project("{9A19103F-16F7-4668-BE54-9A1E7A4F7556}") = "Structural Design Patterns", "..\..\Lesson_18\Structural Design Patterns\Structural Design Patterns\Structural Design Patterns.csproj", "{18A40FA6-B0B3-48EA-A703-8DF0856BA463}"
EndProject
Global
	GlobalSection(SolutionConfigurationPlatforms) = preSolution
		Debug|Any CPU = Debug|Any CPU
		Release|Any CPU = Release|Any CPU
	EndGlobalSection
	GlobalSection(ProjectConfigurationPlatforms) = postSolution
		{2F775E6C-FE58-4D84-AD52-7A408F937AFF}.Debug|Any CPU.ActiveCfg = Debug|Any CPU
		{2F775E6C-FE58-4D84-AD52-7A408F937AFF}.Debug|Any CPU.Build.0 = Debug|Any CPU
		{2F775E6C-FE58-4D84-AD52-7A408F937AFF}.Release|Any CPU.ActiveCfg = Release|Any CPU
		{2F775E6C-FE58-4D84-AD52-7A408F937AFF}.Release|Any CPU.Build.0 = Release|Any CPU
		{D7BC1EC5-BB9D-4D49-B826-77693CB00DED}.Debug|Any CPU.ActiveCfg = Debug|Any CPU
		{D7BC1EC5-BB9D-4D49-B826-77693CB00DED}.Debug|Any CPU.Build.0 = Debug|Any CPU
		{D7BC1EC5-BB9D-4D49-B826-77693CB00DED}.Release|Any CPU.ActiveCfg = Release|Any CPU
		{D7BC1EC5-BB9D-4D49-B826-77693CB00DED}.Release|Any CPU.Build.0 = Release|Any CPU
		{18A40FA6-B0B3-48EA-A703-8DF0856BA463}.Debug|Any CPU.ActiveCfg = Debug|Any CPU
		{18A40FA6-B0B3-48EA-A703-8DF0856BA463}.Debug|Any CPU.Build.0 = Debug|Any CPU
		{18A40FA6-B0B3-48EA-A703-8DF0856BA463}.Release|Any CPU.ActiveCfg = Release|Any CPU
		{18A40FA6-B0B3-48EA-A703-8DF0856BA463}.Release|Any CPU.Build.0 = Release|Any CPU
	EndGlobalSection
	GlobalSection(SolutionProperties) = preSolution
		HideSolutionNode = FALSE
	EndGlobalSection
	GlobalSection(ExtensibilityGlobals) = postSolution
		SolutionGuid = {7BB28AA3-6092-4CC5-9EAE-DD94257A093C}
	EndGlobalSection
EndGlobal
