
Microsoft Visual Studio Solution File, Format Version 12.00
# Visual Studio Version 16
VisualStudioVersion = 16.0.31424.327
MinimumVisualStudioVersion = 10.0.40219.1
Project("{FAE04EC0-301F-11D3-BF4B-00C04F79EFBC}") = "Homework_10", "Homework_10\Homework_10.csproj", "{B42CC0A6-2819-4D2E-BF46-F791F2F6EAE9}"
EndProject
Global
	GlobalSection(SolutionConfigurationPlatforms) = preSolution
		Debug|Any CPU = Debug|Any CPU
		Release|Any CPU = Release|Any CPU
	EndGlobalSection
	GlobalSection(ProjectConfigurationPlatforms) = postSolution
		{B42CC0A6-2819-4D2E-BF46-F791F2F6EAE9}.Debug|Any CPU.ActiveCfg = Debug|Any CPU
		{B42CC0A6-2819-4D2E-BF46-F791F2F6EAE9}.Debug|Any CPU.Build.0 = Debug|Any CPU
		{B42CC0A6-2819-4D2E-BF46-F791F2F6EAE9}.Release|Any CPU.ActiveCfg = Release|Any CPU
		{B42CC0A6-2819-4D2E-BF46-F791F2F6EAE9}.Release|Any CPU.Build.0 = Release|Any CPU
	EndGlobalSection
	GlobalSection(SolutionProperties) = preSolution
		HideSolutionNode = FALSE
	EndGlobalSection
	GlobalSection(ExtensibilityGlobals) = postSolution
		SolutionGuid = {4DB61B96-6BB1-45F3-8ED8-32A3C31331EA}
	EndGlobalSection
EndGlobal
